{
  "name": "@cobuild/review-gpt",
  "version": "0.2.13",
  "lockfileVersion": 3,
  "requires": true,
  "packages": {
    "": {
      "name": "@cobuild/review-gpt",
      "version": "0.2.13",
      "license": "UNLICENSED",
      "bin": {
        "cobuild-review-gpt": "bin/cobuild-review-gpt"
      },
      "devDependencies": {
        "@cobuild/repo-tools": "^0.1.8"
      }
    },
    "node_modules/@cobuild/repo-tools": {
      "version": "0.1.8",
      "resolved": "https://registry.npmjs.org/@cobuild/repo-tools/-/repo-tools-0.1.8.tgz",
      "integrity": "sha512-Z/0PFzwL0pckp6fh/axd++ltcbme9TIdH1hIJXkOH49rrbOJdOjlWTkSv5NqbWrRiAU3tBBtbeIAteLKz8lGZg==",
      "dev": true,
      "license": "UNLICENSED",
      "bin": {
        "cobuild-check-agent-docs-drift": "bin/cobuild-check-agent-docs-drift",
        "cobuild-close-exec-plan": "bin/cobuild-close-exec-plan",
        "cobuild-committer": "bin/cobuild-committer",
        "cobuild-doc-gardening": "bin/cobuild-doc-gardening",
        "cobuild-generate-release-notes": "bin/cobuild-generate-release-notes",
        "cobuild-open-exec-plan": "bin/cobuild-open-exec-plan",
        "cobuild-package-audit-context": "bin/cobuild-package-audit-context",
        "cobuild-release-package": "bin/cobuild-release-package",
        "cobuild-switch-package-source": "bin/cobuild-switch-package-source",
        "cobuild-update-changelog": "bin/cobuild-update-changelog"
      }
    }
  }
}
