lockfileVersion: '9.0'

settings:
  autoInstallPeers: true
  excludeLinksFromLockfile: false

importers:

  .:
    devDependencies:
      '@cobuild/repo-tools':
        specifier: ^0.1.7
        version: 0.1.7

packages:

  '@cobuild/repo-tools@0.1.7':
    resolution: {integrity: sha512-6vDFJtP0nQoAx6kzOlVgxjeSY/uxj4IdQpk0vZiioAo1Q0qb5eKzGI4uiS/HUpVYXjC+Hvn9nRM37q/iIt0doA==}
    hasBin: true

snapshots:

  '@cobuild/repo-tools@0.1.7': {}
