lockfileVersion: '9.0'

settings:
  autoInstallPeers: true
  excludeLinksFromLockfile: false

importers:

  .:
    devDependencies:
      '@cobuild/repo-tools':
        specifier: ^0.1.8
        version: 0.1.8

packages:

  '@cobuild/repo-tools@0.1.8':
    resolution: {integrity: sha512-Z/0PFzwL0pckp6fh/axd++ltcbme9TIdH1hIJXkOH49rrbOJdOjlWTkSv5NqbWrRiAU3tBBtbeIAteLKz8lGZg==}
    hasBin: true

snapshots:

  '@cobuild/repo-tools@0.1.8': {}
