lockfileVersion: '9.0'

settings:
  autoInstallPeers: true
  excludeLinksFromLockfile: false

importers:

  .:
    devDependencies:
      '@cobuild/repo-tools':
        specifier: ^0.1.4
        version: 0.1.4

packages:

  '@cobuild/repo-tools@0.1.4':
    resolution: {integrity: sha512-I+Oe9Oi/qG+XAsjwQpsAuIsPuIZr2HoD9pm01OAIsVxJfRrV6aQMZnFhDC5cYBsSP/NQUHnn1NJA5xrbQZTocA==}
    hasBin: true

snapshots:

  '@cobuild/repo-tools@0.1.4': {}
